XSym
0139
31715f5808afe68f8f000fd3c7c89226
/Users/cgarcia/Documents/ProjectGP/platforms/ios/DerivedData/ModuleCache.noindex/1M4GLIEX8FYFZ/CoreServices-1A6TDSOL17TMD.pcm.lock-0b19cafe
                                                                                                                                                                                                                                                                                                                                                                                                                                                                                                                                                                                                                                                                                                                                                                                                                                                                                                                    