XSym
0144
8bdb4b99b52320809a974def63f6a28d
/Users/cgarcia/Documents/ProjectGP/platforms/ios/DerivedData/ModuleCache.noindex/1M4GLIEX8FYFZ/MobileCoreServices-FJAFSB4GMRIG.pcm.lock-63de192e
                                                                                                                                                                                                                                                                                                                                                                                                                                                                                                                                                                                                                                                                                                                                                                                                                                                                                                               